// !$*UTF8*$!
{
	archiveVersion = 1;
	classes = {
	};
	objectVersion = 46;
	objects = {

/* Begin PBXBuildFile section */
		FB0149FB1DD49C8B00216F08 /* ThirdpresenceAdSDKSampleAppUITests.m in Sources */ = {isa = PBXBuildFile; fileRef = FB0149FA1DD49C8B00216F08 /* ThirdpresenceAdSDKSampleAppUITests.m */; };
		FB1611981DF0593500B8D0E3 /* RewardedVideoViewController.m in Sources */ = {isa = PBXBuildFile; fileRef = FB1611971DF0593500B8D0E3 /* RewardedVideoViewController.m */; };
		FB16119B1DF063A100B8D0E3 /* Constants.m in Sources */ = {isa = PBXBuildFile; fileRef = FB16119A1DF063A100B8D0E3 /* Constants.m */; };
		FB16119E1DF14D4400B8D0E3 /* BannerViewController.m in Sources */ = {isa = PBXBuildFile; fileRef = FB16119D1DF14D4400B8D0E3 /* BannerViewController.m */; };
		FB1611A11DF14E2F00B8D0E3 /* BaseViewController.m in Sources */ = {isa = PBXBuildFile; fileRef = FB1611A01DF14E2F00B8D0E3 /* BaseViewController.m */; };
		FB4978E01CC7969000F446A1 /* main.m in Sources */ = {isa = PBXBuildFile; fileRef = FB4978DF1CC7969000F446A1 /* main.m */; };
		FB4978E31CC7969000F446A1 /* AppDelegate.m in Sources */ = {isa = PBXBuildFile; fileRef = FB4978E21CC7969000F446A1 /* AppDelegate.m */; };
		FB4978E61CC7969000F446A1 /* InterstitialViewController.m in Sources */ = {isa = PBXBuildFile; fileRef = FB4978E51CC7969000F446A1 /* InterstitialViewController.m */; };
		FB4978E91CC7969000F446A1 /* Main.storyboard in Resources */ = {isa = PBXBuildFile; fileRef = FB4978E71CC7969000F446A1 /* Main.storyboard */; };
		FB4978EB1CC7969000F446A1 /* Assets.xcassets in Resources */ = {isa = PBXBuildFile; fileRef = FB4978EA1CC7969000F446A1 /* Assets.xcassets */; };
		FB4978EE1CC7969000F446A1 /* LaunchScreen.storyboard in Resources */ = {isa = PBXBuildFile; fileRef = FB4978EC1CC7969000F446A1 /* LaunchScreen.storyboard */; };
		FB9F397B1D90FB6600B26119 /* ThirdpresenceAdSDK.framework in Embed Frameworks */ = {isa = PBXBuildFile; fileRef = FBC505111D8A779A00663B37 /* ThirdpresenceAdSDK.framework */; settings = {ATTRIBUTES = (CodeSignOnCopy, RemoveHeadersOnCopy, ); }; };
		FBC5A0C01D6D67A6002FBE23 /* CoreLocation.framework in Frameworks */ = {isa = PBXBuildFile; fileRef = FBC5A0BF1D6D67A6002FBE23 /* CoreLocation.framework */; };
/* End PBXBuildFile section */

/* Begin PBXContainerItemProxy section */
		FB0149FD1DD49C8B00216F08 /* PBXContainerItemProxy */ = {
			isa = PBXContainerItemProxy;
			containerPortal = FB4978D31CC7969000F446A1 /* Project object */;
			proxyType = 1;
			remoteGlobalIDString = FB4978DA1CC7969000F446A1;
			remoteInfo = ThirdpresenceAdSDKSampleApp;
		};
		FB9F39791D90FB4600B26119 /* PBXContainerItemProxy */ = {
			isa = PBXContainerItemProxy;
			containerPortal = FBC5050C1D8A779A00663B37 /* ThirdpresenceAdSDK.xcodeproj */;
			proxyType = 1;
			remoteGlobalIDString = FB4978771CC6346000F446A1;
			remoteInfo = ThirdpresenceAdSDK;
		};
		FBC505101D8A779A00663B37 /* PBXContainerItemProxy */ = {
			isa = PBXContainerItemProxy;
			containerPortal = FBC5050C1D8A779A00663B37 /* ThirdpresenceAdSDK.xcodeproj */;
			proxyType = 2;
			remoteGlobalIDString = FB4978781CC6346000F446A1;
			remoteInfo = ThirdpresenceAdSDK;
		};
/* End PBXContainerItemProxy section */

/* Begin PBXCopyFilesBuildPhase section */
		FB9F39761D9028D600B26119 /* Embed Frameworks */ = {
			isa = PBXCopyFilesBuildPhase;
			buildActionMask = 12;
			dstPath = "";
			dstSubfolderSpec = 10;
			files = (
				FB9F397B1D90FB6600B26119 /* ThirdpresenceAdSDK.framework in Embed Frameworks */,
			);
			name = "Embed Frameworks";
			runOnlyForDeploymentPostprocessing = 0;
		};
/* End PBXCopyFilesBuildPhase section */

/* Begin PBXFileReference section */
		FB0149F81DD49C8B00216F08 /* ThirdpresenceAdSDKSampleAppUITests.xctest */ = {isa = PBXFileReference; explicitFileType = wrapper.cfbundle; includeInIndex = 0; path = ThirdpresenceAdSDKSampleAppUITests.xctest; sourceTree = BUILT_PRODUCTS_DIR; };
		FB0149FA1DD49C8B00216F08 /* ThirdpresenceAdSDKSampleAppUITests.m */ = {isa = PBXFileReference; lastKnownFileType = sourcecode.c.objc; path = ThirdpresenceAdSDKSampleAppUITests.m; sourceTree = "<group>"; };
		FB0149FC1DD49C8B00216F08 /* Info.plist */ = {isa = PBXFileReference; lastKnownFileType = text.plist.xml; path = Info.plist; sourceTree = "<group>"; };
		FB1611961DF0593500B8D0E3 /* RewardedVideoViewController.h */ = {isa = PBXFileReference; fileEncoding = 4; lastKnownFileType = sourcecode.c.h; path = RewardedVideoViewController.h; sourceTree = "<group>"; };
		FB1611971DF0593500B8D0E3 /* RewardedVideoViewController.m */ = {isa = PBXFileReference; fileEncoding = 4; lastKnownFileType = sourcecode.c.objc; path = RewardedVideoViewController.m; sourceTree = "<group>"; };
		FB1611991DF062E600B8D0E3 /* Constants.h */ = {isa = PBXFileReference; lastKnownFileType = sourcecode.c.h; path = Constants.h; sourceTree = "<group>"; };
		FB16119A1DF063A100B8D0E3 /* Constants.m */ = {isa = PBXFileReference; fileEncoding = 4; lastKnownFileType = sourcecode.c.objc; path = Constants.m; sourceTree = "<group>"; };
		FB16119C1DF14D4400B8D0E3 /* BannerViewController.h */ = {isa = PBXFileReference; fileEncoding = 4; lastKnownFileType = sourcecode.c.h; path = BannerViewController.h; sourceTree = "<group>"; };
		FB16119D1DF14D4400B8D0E3 /* BannerViewController.m */ = {isa = PBXFileReference; fileEncoding = 4; lastKnownFileType = sourcecode.c.objc; path = BannerViewController.m; sourceTree = "<group>"; };
		FB16119F1DF14E2F00B8D0E3 /* BaseViewController.h */ = {isa = PBXFileReference; fileEncoding = 4; lastKnownFileType = sourcecode.c.h; path = BaseViewController.h; sourceTree = "<group>"; };
		FB1611A01DF14E2F00B8D0E3 /* BaseViewController.m */ = {isa = PBXFileReference; fileEncoding = 4; lastKnownFileType = sourcecode.c.objc; path = BaseViewController.m; sourceTree = "<group>"; };
		FB4978DB1CC7969000F446A1 /* ThirdpresenceAdSDKSampleApp.app */ = {isa = PBXFileReference; explicitFileType = wrapper.application; includeInIndex = 0; path = ThirdpresenceAdSDKSampleApp.app; sourceTree = BUILT_PRODUCTS_DIR; };
		FB4978DF1CC7969000F446A1 /* main.m */ = {isa = PBXFileReference; lastKnownFileType = sourcecode.c.objc; path = main.m; sourceTree = "<group>"; };
		FB4978E11CC7969000F446A1 /* AppDelegate.h */ = {isa = PBXFileReference; lastKnownFileType = sourcecode.c.h; path = AppDelegate.h; sourceTree = "<group>"; };
		FB4978E21CC7969000F446A1 /* AppDelegate.m */ = {isa = PBXFileReference; lastKnownFileType = sourcecode.c.objc; path = AppDelegate.m; sourceTree = "<group>"; };
		FB4978E41CC7969000F446A1 /* InterstitialViewController.h */ = {isa = PBXFileReference; lastKnownFileType = sourcecode.c.h; path = InterstitialViewController.h; sourceTree = "<group>"; };
		FB4978E51CC7969000F446A1 /* InterstitialViewController.m */ = {isa = PBXFileReference; lastKnownFileType = sourcecode.c.objc; path = InterstitialViewController.m; sourceTree = "<group>"; };
		FB4978E81CC7969000F446A1 /* Base */ = {isa = PBXFileReference; lastKnownFileType = file.storyboard; name = Base; path = Base.lproj/Main.storyboard; sourceTree = "<group>"; };
		FB4978EA1CC7969000F446A1 /* Assets.xcassets */ = {isa = PBXFileReference; lastKnownFileType = folder.assetcatalog; path = Assets.xcassets; sourceTree = "<group>"; };
		FB4978ED1CC7969000F446A1 /* Base */ = {isa = PBXFileReference; lastKnownFileType = file.storyboard; name = Base; path = Base.lproj/LaunchScreen.storyboard; sourceTree = "<group>"; };
		FB5801491CD209ED004B9D5E /* ThirdpresenceAdSDKSampleApp.entitlements */ = {isa = PBXFileReference; lastKnownFileType = text.xml; path = ThirdpresenceAdSDKSampleApp.entitlements; sourceTree = "<group>"; };
		FB5DD3181CEB0562008C3A34 /* ThirdpresenceAdSDKSampleApp-Info.plist */ = {isa = PBXFileReference; fileEncoding = 4; lastKnownFileType = text.plist.xml; path = "ThirdpresenceAdSDKSampleApp-Info.plist"; sourceTree = "<group>"; };
		FBC5050C1D8A779A00663B37 /* ThirdpresenceAdSDK.xcodeproj */ = {isa = PBXFileReference; lastKnownFileType = "wrapper.pb-project"; name = ThirdpresenceAdSDK.xcodeproj; path = ../ThirdpresenceAdSDK.xcodeproj; sourceTree = "<group>"; };
		FBC5A0BF1D6D67A6002FBE23 /* CoreLocation.framework */ = {isa = PBXFileReference; lastKnownFileType = wrapper.framework; name = CoreLocation.framework; path = System/Library/Frameworks/CoreLocation.framework; sourceTree = SDKROOT; };
/* End PBXFileReference section */

/* Begin PBXFrameworksBuildPhase section */
		FB0149F51DD49C8B00216F08 /* Frameworks */ = {
			isa = PBXFrameworksBuildPhase;
			buildActionMask = 2147483647;
			files = (
			);
			runOnlyForDeploymentPostprocessing = 0;
		};
		FB4978D81CC7969000F446A1 /* Frameworks */ = {
			isa = PBXFrameworksBuildPhase;
			buildActionMask = 2147483647;
			files = (
				FBC5A0C01D6D67A6002FBE23 /* CoreLocation.framework in Frameworks */,
			);
			runOnlyForDeploymentPostprocessing = 0;
		};
/* End PBXFrameworksBuildPhase section */

/* Begin PBXGroup section */
		7F137646906F861BF0E3DFF3 /* Frameworks */ = {
			isa = PBXGroup;
			children = (
				FBC5A0BF1D6D67A6002FBE23 /* CoreLocation.framework */,
			);
			name = Frameworks;
			sourceTree = "<group>";
		};
		FB0149F91DD49C8B00216F08 /* ThirdpresenceAdSDKSampleAppUITests */ = {
			isa = PBXGroup;
			children = (
				FB0149FA1DD49C8B00216F08 /* ThirdpresenceAdSDKSampleAppUITests.m */,
				FB0149FC1DD49C8B00216F08 /* Info.plist */,
			);
			path = ThirdpresenceAdSDKSampleAppUITests;
			sourceTree = "<group>";
		};
		FB4978D21CC7969000F446A1 = {
			isa = PBXGroup;
			children = (
				FBC5050C1D8A779A00663B37 /* ThirdpresenceAdSDK.xcodeproj */,
				FB4978DD1CC7969000F446A1 /* ThirdpresenceAdSDKSampleApp */,
				FB0149F91DD49C8B00216F08 /* ThirdpresenceAdSDKSampleAppUITests */,
				FB4978DC1CC7969000F446A1 /* Products */,
				7F137646906F861BF0E3DFF3 /* Frameworks */,
			);
			sourceTree = "<group>";
		};
		FB4978DC1CC7969000F446A1 /* Products */ = {
			isa = PBXGroup;
			children = (
				FB4978DB1CC7969000F446A1 /* ThirdpresenceAdSDKSampleApp.app */,
				FB0149F81DD49C8B00216F08 /* ThirdpresenceAdSDKSampleAppUITests.xctest */,
			);
			name = Products;
			sourceTree = "<group>";
		};
		FB4978DD1CC7969000F446A1 /* ThirdpresenceAdSDKSampleApp */ = {
			isa = PBXGroup;
			children = (
				FB5DD3181CEB0562008C3A34 /* ThirdpresenceAdSDKSampleApp-Info.plist */,
				FB5801491CD209ED004B9D5E /* ThirdpresenceAdSDKSampleApp.entitlements */,
				FB4978E11CC7969000F446A1 /* AppDelegate.h */,
				FB4978E21CC7969000F446A1 /* AppDelegate.m */,
				FB1611991DF062E600B8D0E3 /* Constants.h */,
				FB16119A1DF063A100B8D0E3 /* Constants.m */,
				FB16119F1DF14E2F00B8D0E3 /* BaseViewController.h */,
				FB1611A01DF14E2F00B8D0E3 /* BaseViewController.m */,
				FB4978E41CC7969000F446A1 /* InterstitialViewController.h */,
				FB4978E51CC7969000F446A1 /* InterstitialViewController.m */,
				FB1611961DF0593500B8D0E3 /* RewardedVideoViewController.h */,
				FB1611971DF0593500B8D0E3 /* RewardedVideoViewController.m */,
				FB16119C1DF14D4400B8D0E3 /* BannerViewController.h */,
				FB16119D1DF14D4400B8D0E3 /* BannerViewController.m */,
				FB4978E71CC7969000F446A1 /* Main.storyboard */,
				FB4978EA1CC7969000F446A1 /* Assets.xcassets */,
				FB4978EC1CC7969000F446A1 /* LaunchScreen.storyboard */,
				FB4978DE1CC7969000F446A1 /* Supporting Files */,
			);
			name = ThirdpresenceAdSDKSampleApp;
			sourceTree = "<group>";
		};
		FB4978DE1CC7969000F446A1 /* Supporting Files */ = {
			isa = PBXGroup;
			children = (
				FB4978DF1CC7969000F446A1 /* main.m */,
			);
			name = "Supporting Files";
			sourceTree = "<group>";
		};
		FBC5050D1D8A779A00663B37 /* Products */ = {
			isa = PBXGroup;
			children = (
				FBC505111D8A779A00663B37 /* ThirdpresenceAdSDK.framework */,
			);
			name = Products;
			sourceTree = "<group>";
		};
/* End PBXGroup section */

/* Begin PBXNativeTarget section */
		FB0149F71DD49C8B00216F08 /* ThirdpresenceAdSDKSampleAppUITests */ = {
			isa = PBXNativeTarget;
			buildConfigurationList = FB014A011DD49C8B00216F08 /* Build configuration list for PBXNativeTarget "ThirdpresenceAdSDKSampleAppUITests" */;
			buildPhases = (
				FB0149F41DD49C8B00216F08 /* Sources */,
				FB0149F51DD49C8B00216F08 /* Frameworks */,
				FB0149F61DD49C8B00216F08 /* Resources */,
				FB014A0D1DD5FC9C00216F08 /* ShellScript */,
			);
			buildRules = (
			);
			dependencies = (
				FB0149FE1DD49C8B00216F08 /* PBXTargetDependency */,
			);
			name = ThirdpresenceAdSDKSampleAppUITests;
			productName = ThirdpresenceAdSDKSampleAppUITests;
			productReference = FB0149F81DD49C8B00216F08 /* ThirdpresenceAdSDKSampleAppUITests.xctest */;
			productType = "com.apple.product-type.bundle.ui-testing";
		};
		FB4978DA1CC7969000F446A1 /* ThirdpresenceAdSDKSampleApp */ = {
			isa = PBXNativeTarget;
			buildConfigurationList = FB4978F21CC7969000F446A1 /* Build configuration list for PBXNativeTarget "ThirdpresenceAdSDKSampleApp" */;
			buildPhases = (
				FB4978D71CC7969000F446A1 /* Sources */,
				FB4978D81CC7969000F446A1 /* Frameworks */,
				FB4978D91CC7969000F446A1 /* Resources */,
				FB9F39761D9028D600B26119 /* Embed Frameworks */,
			);
			buildRules = (
			);
			dependencies = (
				FB9F397A1D90FB4600B26119 /* PBXTargetDependency */,
			);
			name = ThirdpresenceAdSDKSampleApp;
			productName = ThirdpresenceAdSDKSampleApp;
			productReference = FB4978DB1CC7969000F446A1 /* ThirdpresenceAdSDKSampleApp.app */;
			productType = "com.apple.product-type.application";
		};
/* End PBXNativeTarget section */

/* Begin PBXProject section */
		FB4978D31CC7969000F446A1 /* Project object */ = {
			isa = PBXProject;
			attributes = {
				LastUpgradeCheck = 0730;
				ORGANIZATIONNAME = Thirdpresence;
				TargetAttributes = {
					FB0149F71DD49C8B00216F08 = {
						DevelopmentTeam = H478BW6B43;
						ProvisioningStyle = Manual;
						TestTargetID = FB4978DA1CC7969000F446A1;
					};
					FB4978DA1CC7969000F446A1 = {
						CreatedOnToolsVersion = 7.3;
						DevelopmentTeam = H478BW6B43;
						ProvisioningStyle = Manual;
						SystemCapabilities = {
							com.apple.Wallet = {
								enabled = 0;
							};
						};
					};
				};
			};
			buildConfigurationList = FB4978D61CC7969000F446A1 /* Build configuration list for PBXProject "ThirdpresenceAdSDKSampleApp" */;
			compatibilityVersion = "Xcode 3.2";
			developmentRegion = English;
			hasScannedForEncodings = 0;
			knownRegions = (
				en,
				Base,
			);
			mainGroup = FB4978D21CC7969000F446A1;
			productRefGroup = FB4978DC1CC7969000F446A1 /* Products */;
			projectDirPath = "";
			projectReferences = (
				{
					ProductGroup = FBC5050D1D8A779A00663B37 /* Products */;
					ProjectRef = FBC5050C1D8A779A00663B37 /* ThirdpresenceAdSDK.xcodeproj */;
				},
			);
			projectRoot = "";
			targets = (
				FB4978DA1CC7969000F446A1 /* ThirdpresenceAdSDKSampleApp */,
				FB0149F71DD49C8B00216F08 /* ThirdpresenceAdSDKSampleAppUITests */,
			);
		};
/* End PBXProject section */

/* Begin PBXReferenceProxy section */
		FBC505111D8A779A00663B37 /* ThirdpresenceAdSDK.framework */ = {
			isa = PBXReferenceProxy;
			fileType = wrapper.framework;
			path = ThirdpresenceAdSDK.framework;
			remoteRef = FBC505101D8A779A00663B37 /* PBXContainerItemProxy */;
			sourceTree = BUILT_PRODUCTS_DIR;
		};
/* End PBXReferenceProxy section */

/* Begin PBXResourcesBuildPhase section */
		FB0149F61DD49C8B00216F08 /* Resources */ = {
			isa = PBXResourcesBuildPhase;
			buildActionMask = 2147483647;
			files = (
			);
			runOnlyForDeploymentPostprocessing = 0;
		};
		FB4978D91CC7969000F446A1 /* Resources */ = {
			isa = PBXResourcesBuildPhase;
			buildActionMask = 2147483647;
			files = (
				FB4978EE1CC7969000F446A1 /* LaunchScreen.storyboard in Resources */,
				FB4978EB1CC7969000F446A1 /* Assets.xcassets in Resources */,
				FB4978E91CC7969000F446A1 /* Main.storyboard in Resources */,
			);
			runOnlyForDeploymentPostprocessing = 0;
		};
/* End PBXResourcesBuildPhase section */

/* Begin PBXShellScriptBuildPhase section */
		FB014A0D1DD5FC9C00216F08 /* ShellScript */ = {
			isa = PBXShellScriptBuildPhase;
			buildActionMask = 2147483647;
			files = (
			);
			inputPaths = (
			);
			outputPaths = (
			);
			runOnlyForDeploymentPostprocessing = 0;
			shellPath = /bin/sh;
			shellScript = "export TESTAPP_BUILD_DIR=./build/ThirdpresenceAdSDKSampleAppUITests-Runner/\n\nmkdir -p ${TESTAPP_BUILD_DIR}/Payload\n\ncp -rf ${BUILT_PRODUCTS_DIR}/ThirdpresenceAdSDKSampleAppUITests-Runner.app ${TESTAPP_BUILD_DIR}/Payload\n\ncd ${TESTAPP_BUILD_DIR}\n\nzip -r ../ThirdpresenceAdSDKSampleAppUITests-Runner.ipa Payload\n";
		};
/* End PBXShellScriptBuildPhase section */

/* Begin PBXSourcesBuildPhase section */
		FB0149F41DD49C8B00216F08 /* Sources */ = {
			isa = PBXSourcesBuildPhase;
			buildActionMask = 2147483647;
			files = (
				FB0149FB1DD49C8B00216F08 /* ThirdpresenceAdSDKSampleAppUITests.m in Sources */,
			);
			runOnlyForDeploymentPostprocessing = 0;
		};
		FB4978D71CC7969000F446A1 /* Sources */ = {
			isa = PBXSourcesBuildPhase;
			buildActionMask = 2147483647;
			files = (
				FB16119B1DF063A100B8D0E3 /* Constants.m in Sources */,
				FB1611981DF0593500B8D0E3 /* RewardedVideoViewController.m in Sources */,
				FB16119E1DF14D4400B8D0E3 /* BannerViewController.m in Sources */,
				FB4978E61CC7969000F446A1 /* InterstitialViewController.m in Sources */,
				FB4978E31CC7969000F446A1 /* AppDelegate.m in Sources */,
				FB1611A11DF14E2F00B8D0E3 /* BaseViewController.m in Sources */,
				FB4978E01CC7969000F446A1 /* main.m in Sources */,
			);
			runOnlyForDeploymentPostprocessing = 0;
		};
/* End PBXSourcesBuildPhase section */

/* Begin PBXTargetDependency section */
		FB0149FE1DD49C8B00216F08 /* PBXTargetDependency */ = {
			isa = PBXTargetDependency;
			target = FB4978DA1CC7969000F446A1 /* ThirdpresenceAdSDKSampleApp */;
			targetProxy = FB0149FD1DD49C8B00216F08 /* PBXContainerItemProxy */;
		};
		FB9F397A1D90FB4600B26119 /* PBXTargetDependency */ = {
			isa = PBXTargetDependency;
			name = ThirdpresenceAdSDK;
			targetProxy = FB9F39791D90FB4600B26119 /* PBXContainerItemProxy */;
		};
/* End PBXTargetDependency section */

/* Begin PBXVariantGroup section */
		FB4978E71CC7969000F446A1 /* Main.storyboard */ = {
			isa = PBXVariantGroup;
			children = (
				FB4978E81CC7969000F446A1 /* Base */,
			);
			name = Main.storyboard;
			sourceTree = "<group>";
		};
		FB4978EC1CC7969000F446A1 /* LaunchScreen.storyboard */ = {
			isa = PBXVariantGroup;
			children = (
				FB4978ED1CC7969000F446A1 /* Base */,
			);
			name = LaunchScreen.storyboard;
			sourceTree = "<group>";
		};
/* End PBXVariantGroup section */

/* Begin XCBuildConfiguration section */
		FB0149FF1DD49C8B00216F08 /* Debug */ = {
			isa = XCBuildConfiguration;
			buildSettings = {
				CLANG_WARN_DOCUMENTATION_COMMENTS = YES;
				CLANG_WARN_SUSPICIOUS_MOVES = YES;
				"CODE_SIGN_IDENTITY[sdk=iphoneos*]" = "iPhone Developer";
				DEVELOPMENT_TEAM = H478BW6B43;
				INFOPLIST_FILE = ThirdpresenceAdSDKSampleAppUITests/Info.plist;
				IPHONEOS_DEPLOYMENT_TARGET = 10.0;
				LD_RUNPATH_SEARCH_PATHS = "$(inherited) @executable_path/Frameworks @loader_path/Frameworks";
				ONLY_ACTIVE_ARCH = NO;
				PRODUCT_BUNDLE_IDENTIFIER = com.thirdpresence.ThirdpresenceAdSDKSampleAppUITests;
				PRODUCT_NAME = "$(TARGET_NAME)";
				PROVISIONING_PROFILE = "44f616f8-d4c2-456f-ac51-4a93673a571c";
				PROVISIONING_PROFILE_SPECIFIER = "Thirdpresence apps";
				TEST_TARGET_NAME = ThirdpresenceAdSDKSampleApp;
			};
			name = Debug;
		};
		FB014A001DD49C8B00216F08 /* Release */ = {
			isa = XCBuildConfiguration;
			buildSettings = {
				CLANG_WARN_DOCUMENTATION_COMMENTS = YES;
				CLANG_WARN_SUSPICIOUS_MOVES = YES;
				DEVELOPMENT_TEAM = H478BW6B43;
				INFOPLIST_FILE = ThirdpresenceAdSDKSampleAppUITests/Info.plist;
				IPHONEOS_DEPLOYMENT_TARGET = 10.0;
				LD_RUNPATH_SEARCH_PATHS = "$(inherited) @executable_path/Frameworks @loader_path/Frameworks";
				ONLY_ACTIVE_ARCH = NO;
				PRODUCT_BUNDLE_IDENTIFIER = com.thirdpresence.ThirdpresenceAdSDKSampleAppUITests;
				PRODUCT_NAME = "$(TARGET_NAME)";
				PROVISIONING_PROFILE = "44f616f8-d4c2-456f-ac51-4a93673a571c";
				PROVISIONING_PROFILE_SPECIFIER = "Thirdpresence apps";
				TEST_TARGET_NAME = ThirdpresenceAdSDKSampleApp;
			};
			name = Release;
		};
		FB4978F01CC7969000F446A1 /* Debug */ = {
			isa = XCBuildConfiguration;
			buildSettings = {
				ALWAYS_SEARCH_USER_PATHS = NO;
				CLANG_ANALYZER_NONNULL = YES;
				CLANG_CXX_LANGUAGE_STANDARD = "gnu++0x";
				CLANG_CXX_LIBRARY = "libc++";
				CLANG_ENABLE_MODULES = YES;
				CLANG_ENABLE_OBJC_ARC = YES;
				CLANG_WARN_BOOL_CONVERSION = YES;
				CLANG_WARN_CONSTANT_CONVERSION = YES;
				CLANG_WARN_DIRECT_OBJC_ISA_USAGE = YES_ERROR;
				CLANG_WARN_EMPTY_BODY = YES;
				CLANG_WARN_ENUM_CONVERSION = YES;
				CLANG_WARN_INFINITE_RECURSION = YES;
				CLANG_WARN_INT_CONVERSION = YES;
				CLANG_WARN_OBJC_ROOT_CLASS = YES_ERROR;
				CLANG_WARN_SUSPICIOUS_MOVE = YES;
				CLANG_WARN_UNREACHABLE_CODE = YES;
				CLANG_WARN__DUPLICATE_METHOD_MATCH = YES;
				CODE_SIGN_IDENTITY = "iPhone Developer";
				"CODE_SIGN_IDENTITY[sdk=iphoneos*]" = "iPhone Developer";
				COPY_PHASE_STRIP = NO;
				DEBUG_INFORMATION_FORMAT = dwarf;
				ENABLE_STRICT_OBJC_MSGSEND = YES;
				ENABLE_TESTABILITY = YES;
				GCC_C_LANGUAGE_STANDARD = gnu99;
				GCC_DYNAMIC_NO_PIC = NO;
				GCC_NO_COMMON_BLOCKS = YES;
				GCC_OPTIMIZATION_LEVEL = 0;
				GCC_PREPROCESSOR_DEFINITIONS = (
					"DEBUG=1",
					"$(inherited)",
				);
				GCC_WARN_64_TO_32_BIT_CONVERSION = YES;
				GCC_WARN_ABOUT_RETURN_TYPE = YES_ERROR;
				GCC_WARN_UNDECLARED_SELECTOR = YES;
				GCC_WARN_UNINITIALIZED_AUTOS = YES_AGGRESSIVE;
				GCC_WARN_UNUSED_FUNCTION = YES;
				GCC_WARN_UNUSED_VARIABLE = YES;
				IPHONEOS_DEPLOYMENT_TARGET = 8.0;
				MTL_ENABLE_DEBUG_INFO = YES;
				ONLY_ACTIVE_ARCH = YES;
				SDKROOT = iphoneos;
				TARGETED_DEVICE_FAMILY = "1,2";
			};
			name = Debug;
		};
		FB4978F11CC7969000F446A1 /* Release */ = {
			isa = XCBuildConfiguration;
			buildSettings = {
				ALWAYS_SEARCH_USER_PATHS = NO;
				CLANG_ANALYZER_NONNULL = YES;
				CLANG_CXX_LANGUAGE_STANDARD = "gnu++0x";
				CLANG_CXX_LIBRARY = "libc++";
				CLANG_ENABLE_MODULES = YES;
				CLANG_ENABLE_OBJC_ARC = YES;
				CLANG_WARN_BOOL_CONVERSION = YES;
				CLANG_WARN_CONSTANT_CONVERSION = YES;
				CLANG_WARN_DIRECT_OBJC_ISA_USAGE = YES_ERROR;
				CLANG_WARN_EMPTY_BODY = YES;
				CLANG_WARN_ENUM_CONVERSION = YES;
				CLANG_WARN_INFINITE_RECURSION = YES;
				CLANG_WARN_INT_CONVERSION = YES;
				CLANG_WARN_OBJC_ROOT_CLASS = YES_ERROR;
				CLANG_WARN_SUSPICIOUS_MOVE = YES;
				CLANG_WARN_UNREACHABLE_CODE = YES;
				CLANG_WARN__DUPLICATE_METHOD_MATCH = YES;
				CODE_SIGN_IDENTITY = "iPhone Developer";
				"CODE_SIGN_IDENTITY[sdk=iphoneos*]" = "iPhone Developer";
				COPY_PHASE_STRIP = NO;
				DEBUG_INFORMATION_FORMAT = "dwarf-with-dsym";
				ENABLE_NS_ASSERTIONS = NO;
				ENABLE_STRICT_OBJC_MSGSEND = YES;
				GCC_C_LANGUAGE_STANDARD = gnu99;
				GCC_NO_COMMON_BLOCKS = YES;
				GCC_WARN_64_TO_32_BIT_CONVERSION = YES;
				GCC_WARN_ABOUT_RETURN_TYPE = YES_ERROR;
				GCC_WARN_UNDECLARED_SELECTOR = YES;
				GCC_WARN_UNINITIALIZED_AUTOS = YES_AGGRESSIVE;
				GCC_WARN_UNUSED_FUNCTION = YES;
				GCC_WARN_UNUSED_VARIABLE = YES;
				IPHONEOS_DEPLOYMENT_TARGET = 8.0;
				MTL_ENABLE_DEBUG_INFO = NO;
				SDKROOT = iphoneos;
				TARGETED_DEVICE_FAMILY = "1,2";
				VALIDATE_PRODUCT = YES;
			};
			name = Release;
		};
		FB4978F31CC7969000F446A1 /* Debug */ = {
			isa = XCBuildConfiguration;
			buildSettings = {
				ASSETCATALOG_COMPILER_APPICON_NAME = AppIcon;
				CODE_SIGN_IDENTITY = "iPhone Developer";
				DEVELOPMENT_TEAM = H478BW6B43;
				FRAMEWORK_SEARCH_PATHS = (
					"$(PROJECT_DIR)/../build/$(CONFIGURATION)-iphoneos",
					"$(inherited)",
				);
				HEADER_SEARCH_PATHS = "$(inherited)";
				INFOPLIST_FILE = "$(SRCROOT)/ThirdpresenceAdSDKSampleApp-Info.plist";
				IPHONEOS_DEPLOYMENT_TARGET = 8.0;
				LD_RUNPATH_SEARCH_PATHS = "$(inherited) @executable_path/Frameworks";
				ONLY_ACTIVE_ARCH = NO;
				PRODUCT_BUNDLE_IDENTIFIER = com.thirdpresence.ThirdpresenceAdSDKSampleApp;
				PRODUCT_NAME = "$(TARGET_NAME)";
				PROVISIONING_PROFILE = "9dcd0a07-45ca-49a0-af7a-bcf10cb3d703";
				PROVISIONING_PROFILE_SPECIFIER = "com.thirdpresence.ThirdpresenceAdSDKSampleApp Development";
			};
			name = Debug;
		};
		FB4978F41CC7969000F446A1 /* Release */ = {
			isa = XCBuildConfiguration;
			buildSettings = {
				ASSETCATALOG_COMPILER_APPICON_NAME = AppIcon;
				CODE_SIGN_IDENTITY = "iPhone Developer";
				DEVELOPMENT_TEAM = H478BW6B43;
				FRAMEWORK_SEARCH_PATHS = (
					"$(PROJECT_DIR)/../build/$(CONFIGURATION)-iphoneos",
					"$(inherited)",
				);
				HEADER_SEARCH_PATHS = "$(inherited)";
				INFOPLIST_FILE = "$(SRCROOT)/ThirdpresenceAdSDKSampleApp-Info.plist";
				IPHONEOS_DEPLOYMENT_TARGET = 8.0;
				LD_RUNPATH_SEARCH_PATHS = "$(inherited) @executable_path/Frameworks";
				ONLY_ACTIVE_ARCH = NO;
				PRODUCT_BUNDLE_IDENTIFIER = com.thirdpresence.ThirdpresenceAdSDKSampleApp;
				PRODUCT_NAME = "$(TARGET_NAME)";
				PROVISIONING_PROFILE = "9dcd0a07-45ca-49a0-af7a-bcf10cb3d703";
				PROVISIONING_PROFILE_SPECIFIER = "com.thirdpresence.ThirdpresenceAdSDKSampleApp Development";
			};
			name = Release;
		};
/* End XCBuildConfiguration section */

/* Begin XCConfigurationList section */
		FB014A011DD49C8B00216F08 /* Build configuration list for PBXNativeTarget "ThirdpresenceAdSDKSampleAppUITests" */ = {
			isa = XCConfigurationList;
			buildConfigurations = (
				FB0149FF1DD49C8B00216F08 /* Debug */,
				FB014A001DD49C8B00216F08 /* Release */,
			);
			defaultConfigurationIsVisible = 0;
			defaultConfigurationName = Release;
		};
		FB4978D61CC7969000F446A1 /* Build configuration list for PBXProject "ThirdpresenceAdSDKSampleApp" */ = {
			isa = XCConfigurationList;
			buildConfigurations = (
				FB4978F01CC7969000F446A1 /* Debug */,
				FB4978F11CC7969000F446A1 /* Release */,
			);
			defaultConfigurationIsVisible = 0;
			defaultConfigurationName = Release;
		};
		FB4978F21CC7969000F446A1 /* Build configuration list for PBXNativeTarget "ThirdpresenceAdSDKSampleApp" */ = {
			isa = XCConfigurationList;
			buildConfigurations = (
				FB4978F31CC7969000F446A1 /* Debug */,
				FB4978F41CC7969000F446A1 /* Release */,
			);
			defaultConfigurationIsVisible = 0;
			defaultConfigurationName = Release;
		};
/* End XCConfigurationList section */
	};
	rootObject = FB4978D31CC7969000F446A1 /* Project object */;
}
